
Microsoft Visual Studio Solution File, Format Version 12.00
# Visual Studio 15
VisualStudioVersion = 15.0.26124.0
MinimumVisualStudioVersion = 15.0.26124.0
Project("{FAE04EC0-301F-11D3-BF4B-00C04F79EFBC}") = "Proj2", "Proj2\Proj2.csproj", "{4B358EC1-654B-43A1-8A9D-1336FB16070A}"
EndProject
Project("{FAE04EC0-301F-11D3-BF4B-00C04F79EFBC}") = "Proj2Test", "Proj2Test\Proj2Test.csproj", "{F7B0F72F-4881-4A46-B181-73D07DB6E593}"
EndProject
Global
	GlobalSection(SolutionConfigurationPlatforms) = preSolution
		Debug|Any CPU = Debug|Any CPU
		Debug|x64 = Debug|x64
		Debug|x86 = Debug|x86
		Release|Any CPU = Release|Any CPU
		Release|x64 = Release|x64
		Release|x86 = Release|x86
	EndGlobalSection
	GlobalSection(SolutionProperties) = preSolution
		HideSolutionNode = FALSE
	EndGlobalSection
	GlobalSection(ProjectConfigurationPlatforms) = postSolution
		{4B358EC1-654B-43A1-8A9D-1336FB16070A}.Debug|Any CPU.ActiveCfg = Debug|Any CPU
		{4B358EC1-654B-43A1-8A9D-1336FB16070A}.Debug|Any CPU.Build.0 = Debug|Any CPU
		{4B358EC1-654B-43A1-8A9D-1336FB16070A}.Debug|x64.ActiveCfg = Debug|Any CPU
		{4B358EC1-654B-43A1-8A9D-1336FB16070A}.Debug|x64.Build.0 = Debug|Any CPU
		{4B358EC1-654B-43A1-8A9D-1336FB16070A}.Debug|x86.ActiveCfg = Debug|Any CPU
		{4B358EC1-654B-43A1-8A9D-1336FB16070A}.Debug|x86.Build.0 = Debug|Any CPU
		{4B358EC1-654B-43A1-8A9D-1336FB16070A}.Release|Any CPU.ActiveCfg = Release|Any CPU
		{4B358EC1-654B-43A1-8A9D-1336FB16070A}.Release|Any CPU.Build.0 = Release|Any CPU
		{4B358EC1-654B-43A1-8A9D-1336FB16070A}.Release|x64.ActiveCfg = Release|Any CPU
		{4B358EC1-654B-43A1-8A9D-1336FB16070A}.Release|x64.Build.0 = Release|Any CPU
		{4B358EC1-654B-43A1-8A9D-1336FB16070A}.Release|x86.ActiveCfg = Release|Any CPU
		{4B358EC1-654B-43A1-8A9D-1336FB16070A}.Release|x86.Build.0 = Release|Any CPU
		{F7B0F72F-4881-4A46-B181-73D07DB6E593}.Debug|Any CPU.ActiveCfg = Debug|Any CPU
		{F7B0F72F-4881-4A46-B181-73D07DB6E593}.Debug|Any CPU.Build.0 = Debug|Any CPU
		{F7B0F72F-4881-4A46-B181-73D07DB6E593}.Debug|x64.ActiveCfg = Debug|Any CPU
		{F7B0F72F-4881-4A46-B181-73D07DB6E593}.Debug|x64.Build.0 = Debug|Any CPU
		{F7B0F72F-4881-4A46-B181-73D07DB6E593}.Debug|x86.ActiveCfg = Debug|Any CPU
		{F7B0F72F-4881-4A46-B181-73D07DB6E593}.Debug|x86.Build.0 = Debug|Any CPU
		{F7B0F72F-4881-4A46-B181-73D07DB6E593}.Release|Any CPU.ActiveCfg = Release|Any CPU
		{F7B0F72F-4881-4A46-B181-73D07DB6E593}.Release|Any CPU.Build.0 = Release|Any CPU
		{F7B0F72F-4881-4A46-B181-73D07DB6E593}.Release|x64.ActiveCfg = Release|Any CPU
		{F7B0F72F-4881-4A46-B181-73D07DB6E593}.Release|x64.Build.0 = Release|Any CPU
		{F7B0F72F-4881-4A46-B181-73D07DB6E593}.Release|x86.ActiveCfg = Release|Any CPU
		{F7B0F72F-4881-4A46-B181-73D07DB6E593}.Release|x86.Build.0 = Release|Any CPU
	EndGlobalSection
EndGlobal
