
Microsoft Visual Studio Solution File, Format Version 12.00
# Visual Studio Version 16
VisualStudioVersion = 16.0.30517.126
MinimumVisualStudioVersion = 10.0.40219.1
Project("{9A19103F-16F7-4668-BE54-9A1E7A4F7556}") = "Tweetbook", "Tweetbook.csproj", "{516FA139-F8B5-4F57-9541-223557679C04}"
EndProject
Project("{FAE04EC0-301F-11D3-BF4B-00C04F79EFBC}") = "TweetBook.Web", "..\TweetBook.Web\TweetBook.Web.csproj", "{843F313B-026D-4B02-A53C-F878E322B093}"
EndProject
Global
	GlobalSection(SolutionConfigurationPlatforms) = preSolution
		Debug|Any CPU = Debug|Any CPU
		Release|Any CPU = Release|Any CPU
	EndGlobalSection
	GlobalSection(ProjectConfigurationPlatforms) = postSolution
		{516FA139-F8B5-4F57-9541-223557679C04}.Debug|Any CPU.ActiveCfg = Debug|Any CPU
		{516FA139-F8B5-4F57-9541-223557679C04}.Debug|Any CPU.Build.0 = Debug|Any CPU
		{516FA139-F8B5-4F57-9541-223557679C04}.Release|Any CPU.ActiveCfg = Release|Any CPU
		{516FA139-F8B5-4F57-9541-223557679C04}.Release|Any CPU.Build.0 = Release|Any CPU
		{843F313B-026D-4B02-A53C-F878E322B093}.Debug|Any CPU.ActiveCfg = Debug|Any CPU
		{843F313B-026D-4B02-A53C-F878E322B093}.Debug|Any CPU.Build.0 = Debug|Any CPU
		{843F313B-026D-4B02-A53C-F878E322B093}.Release|Any CPU.ActiveCfg = Release|Any CPU
		{843F313B-026D-4B02-A53C-F878E322B093}.Release|Any CPU.Build.0 = Release|Any CPU
	EndGlobalSection
	GlobalSection(SolutionProperties) = preSolution
		HideSolutionNode = FALSE
	EndGlobalSection
	GlobalSection(ExtensibilityGlobals) = postSolution
		SolutionGuid = {75B86A11-0E58-459F-A281-240BBD120971}
	EndGlobalSection
EndGlobal
